
Microsoft Visual Studio Solution File, Format Version 12.00
# Visual Studio Version 16
VisualStudioVersion = 16.0.30907.101
MinimumVisualStudioVersion = 10.0.40219.1
Project("{FAE04EC0-301F-11D3-BF4B-00C04F79EFBC}") = "ProductRecomendation", "ProductRecomendation\ProductRecomendation.csproj", "{03347CB8-AE92-4BEF-BE90-23A68CF13ADD}"
EndProject
Global
	GlobalSection(SolutionConfigurationPlatforms) = preSolution
		Debug|Any CPU = Debug|Any CPU
		Release|Any CPU = Release|Any CPU
	EndGlobalSection
	GlobalSection(ProjectConfigurationPlatforms) = postSolution
		{03347CB8-AE92-4BEF-BE90-23A68CF13ADD}.Debug|Any CPU.ActiveCfg = Debug|Any CPU
		{03347CB8-AE92-4BEF-BE90-23A68CF13ADD}.Debug|Any CPU.Build.0 = Debug|Any CPU
		{03347CB8-AE92-4BEF-BE90-23A68CF13ADD}.Release|Any CPU.ActiveCfg = Release|Any CPU
		{03347CB8-AE92-4BEF-BE90-23A68CF13ADD}.Release|Any CPU.Build.0 = Release|Any CPU
	EndGlobalSection
	GlobalSection(SolutionProperties) = preSolution
		HideSolutionNode = FALSE
	EndGlobalSection
	GlobalSection(ExtensibilityGlobals) = postSolution
		SolutionGuid = {8E4D82D3-0BAF-4334-B978-B7A56D80A215}
	EndGlobalSection
EndGlobal
